{
    "_readme": [
        "This file locks the dependencies of your project to a known state",
        "Read more about it at https://getcomposer.org/doc/01-basic-usage.md#installing-dependencies",
        "This file is @generated automatically"
    ],
    "content-hash": "1fa0c9a6719e8853396f099f1b762a44",
    "packages": [],
    "packages-dev": [
        {
            "name": "brainmaestro/composer-git-hooks",
            "version": "v2.5.0",
            "source": {
                "type": "git",
                "url": "https://github.com/BrainMaestro/composer-git-hooks.git",
                "reference": "5b2feb35fa8d460b14fc71792aca57f97d349430"
            },
            "dist": {
                "type": "zip",
                "url": "https://api.github.com/repos/BrainMaestro/composer-git-hooks/zipball/5b2feb35fa8d460b14fc71792aca57f97d349430",
                "reference": "5b2feb35fa8d460b14fc71792aca57f97d349430",
                "shasum": ""
            },
            "require": {
                "php": "^5.6 || >=7.0 <7.3",
                "symfony/console": "^3.2 || ^4.0"
            },
            "require-dev": {
                "friendsofphp/php-cs-fixer": "^2.9",
                "phpunit/phpunit": "^5.7|^7.0"
            },
            "bin": [
                "cghooks"
            ],
            "type": "library",
            "extra": {
                "hooks": {
                    "pre-commit": "composer check-style",
                    "pre-push": "composer test"
                }
            },
            "autoload": {
                "psr-4": {
                    "BrainMaestro\\GitHooks\\": "src/"
                },
                "files": [
                    "src/helpers.php"
                ]
            },
            "notification-url": "https://packagist.org/downloads/",
            "license": [
                "MIT"
            ],
            "authors": [
                {
                    "name": "Ezinwa Okpoechi",
                    "email": "brainmaestro@outlook.com"
                }
            ],
            "description": "Easily manage git hooks in your composer config",
            "keywords": [
                "HOOK",
                "composer",
                "git"
            ],
            "time": "2018-09-02T01:27:40+00:00"
        },
        {
            "name": "squizlabs/php_codesniffer",
            "version": "3.3.1",
            "source": {
                "type": "git",
                "url": "https://github.com/squizlabs/PHP_CodeSniffer.git",
                "reference": "628a481780561150481a9ec74709092b9759b3ec"
            },
            "dist": {
                "type": "zip",
                "url": "https://api.github.com/repos/squizlabs/PHP_CodeSniffer/zipball/628a481780561150481a9ec74709092b9759b3ec",
                "reference": "628a481780561150481a9ec74709092b9759b3ec",
                "shasum": ""
            },
            "require": {
                "ext-simplexml": "*",
                "ext-tokenizer": "*",
                "ext-xmlwriter": "*",
                "php": ">=5.4.0"
            },
            "require-dev": {
                "phpunit/phpunit": "^4.0 || ^5.0 || ^6.0 || ^7.0"
            },
            "bin": [
                "bin/phpcs",
                "bin/phpcbf"
            ],
            "type": "library",
            "extra": {
                "branch-alias": {
                    "dev-master": "3.x-dev"
                }
            },
            "notification-url": "https://packagist.org/downloads/",
            "license": [
                "BSD-3-Clause"
            ],
            "authors": [
                {
                    "name": "Greg Sherwood",
                    "role": "lead"
                }
            ],
            "description": "PHP_CodeSniffer tokenizes PHP, JavaScript and CSS files and detects violations of a defined set of coding standards.",
            "homepage": "http://www.squizlabs.com/php-codesniffer",
            "keywords": [
                "phpcs",
                "standards"
            ],
            "time": "2018-07-26T23:47:18+00:00"
        },
        {
            "name": "symfony/console",
            "version": "v4.1.4",
            "source": {
                "type": "git",
                "url": "https://github.com/symfony/console.git",
                "reference": "ca80b8ced97cf07390078b29773dc384c39eee1f"
            },
            "dist": {
                "type": "zip",
                "url": "https://api.github.com/repos/symfony/console/zipball/ca80b8ced97cf07390078b29773dc384c39eee1f",
                "reference": "ca80b8ced97cf07390078b29773dc384c39eee1f",
                "shasum": ""
            },
            "require": {
                "php": "^7.1.3",
                "symfony/polyfill-mbstring": "~1.0"
            },
            "conflict": {
                "symfony/dependency-injection": "<3.4",
                "symfony/process": "<3.3"
            },
            "require-dev": {
                "psr/log": "~1.0",
                "symfony/config": "~3.4|~4.0",
                "symfony/dependency-injection": "~3.4|~4.0",
                "symfony/event-dispatcher": "~3.4|~4.0",
                "symfony/lock": "~3.4|~4.0",
                "symfony/process": "~3.4|~4.0"
            },
            "suggest": {
                "psr/log-implementation": "For using the console logger",
                "symfony/event-dispatcher": "",
                "symfony/lock": "",
                "symfony/process": ""
            },
            "type": "library",
            "extra": {
                "branch-alias": {
                    "dev-master": "4.1-dev"
                }
            },
            "autoload": {
                "psr-4": {
                    "Symfony\\Component\\Console\\": ""
                },
                "exclude-from-classmap": [
                    "/Tests/"
                ]
            },
            "notification-url": "https://packagist.org/downloads/",
            "license": [
                "MIT"
            ],
            "authors": [
                {
                    "name": "Fabien Potencier",
                    "email": "fabien@symfony.com"
                },
                {
                    "name": "Symfony Community",
                    "homepage": "https://symfony.com/contributors"
                }
            ],
            "description": "Symfony Console Component",
            "homepage": "https://symfony.com",
            "time": "2018-07-26T11:24:31+00:00"
        },
        {
            "name": "symfony/polyfill-mbstring",
            "version": "v1.9.0",
            "source": {
                "type": "git",
                "url": "https://github.com/symfony/polyfill-mbstring.git",
                "reference": "d0cd638f4634c16d8df4508e847f14e9e43168b8"
            },
            "dist": {
                "type": "zip",
                "url": "https://api.github.com/repos/symfony/polyfill-mbstring/zipball/d0cd638f4634c16d8df4508e847f14e9e43168b8",
                "reference": "d0cd638f4634c16d8df4508e847f14e9e43168b8",
                "shasum": ""
            },
            "require": {
                "php": ">=5.3.3"
            },
            "suggest": {
                "ext-mbstring": "For best performance"
            },
            "type": "library",
            "extra": {
                "branch-alias": {
                    "dev-master": "1.9-dev"
                }
            },
            "autoload": {
                "psr-4": {
                    "Symfony\\Polyfill\\Mbstring\\": ""
                },
                "files": [
                    "bootstrap.php"
                ]
            },
            "notification-url": "https://packagist.org/downloads/",
            "license": [
                "MIT"
            ],
            "authors": [
                {
                    "name": "Nicolas Grekas",
                    "email": "p@tchwork.com"
                },
                {
                    "name": "Symfony Community",
                    "homepage": "https://symfony.com/contributors"
                }
            ],
            "description": "Symfony polyfill for the Mbstring extension",
            "homepage": "https://symfony.com",
            "keywords": [
                "compatibility",
                "mbstring",
                "polyfill",
                "portable",
                "shim"
            ],
            "time": "2018-08-06T14:22:27+00:00"
        }
    ],
    "aliases": [],
    "minimum-stability": "stable",
    "stability-flags": [],
    "prefer-stable": false,
    "prefer-lowest": false,
    "platform": [],
    "platform-dev": []
}
